// !$*UTF8*$!
{
	archiveVersion = 1;
	classes = {
	};
	objectVersion = 56;
	objects = {

/* Begin PBXBuildFile section */
		E74333E12AD0321500CBE0DE /* ExploreView.swift in Sources */ = {isa = PBXBuildFile; fileRef = E74333E02AD0321500CBE0DE /* ExploreView.swift */; };
		E74333E52AD0328900CBE0DE /* CreateThreadView.swift in Sources */ = {isa = PBXBuildFile; fileRef = E74333E42AD0328900CBE0DE /* CreateThreadView.swift */; };
		E74333E92AD032DA00CBE0DE /* ActivityView.swift in Sources */ = {isa = PBXBuildFile; fileRef = E74333E82AD032D900CBE0DE /* ActivityView.swift */; };
		E74333ED2AD032FA00CBE0DE /* ProfileView.swift in Sources */ = {isa = PBXBuildFile; fileRef = E74333EC2AD032FA00CBE0DE /* ProfileView.swift */; };
		E74333F12AD0335B00CBE0DE /* FeedView.swift in Sources */ = {isa = PBXBuildFile; fileRef = E74333F02AD0335B00CBE0DE /* FeedView.swift */; };
		E7AA6D9E2ACE266D003D5A3B /* ThreadsCloneApp.swift in Sources */ = {isa = PBXBuildFile; fileRef = E7AA6D9D2ACE266D003D5A3B /* ThreadsCloneApp.swift */; };
		E7AA6DA02ACE266D003D5A3B /* ContentView.swift in Sources */ = {isa = PBXBuildFile; fileRef = E7AA6D9F2ACE266D003D5A3B /* ContentView.swift */; };
		E7AA6DA22ACE266E003D5A3B /* Assets.xcassets in Resources */ = {isa = PBXBuildFile; fileRef = E7AA6DA12ACE266E003D5A3B /* Assets.xcassets */; };
		E7AA6DA52ACE266E003D5A3B /* Preview Assets.xcassets in Resources */ = {isa = PBXBuildFile; fileRef = E7AA6DA42ACE266E003D5A3B /* Preview Assets.xcassets */; };
		E7AA6DBC2ACE3B92003D5A3B /* ThreadsTextFieldModifier.swift in Sources */ = {isa = PBXBuildFile; fileRef = E7AA6DBB2ACE3B92003D5A3B /* ThreadsTextFieldModifier.swift */; };
		E7AC08962ACF89B30059174A /* ThreadsTabView.swift in Sources */ = {isa = PBXBuildFile; fileRef = E7AC08952ACF89B30059174A /* ThreadsTabView.swift */; };
/* End PBXBuildFile section */

/* Begin PBXFileReference section */
		E74333E02AD0321500CBE0DE /* ExploreView.swift */ = {isa = PBXFileReference; lastKnownFileType = sourcecode.swift; path = ExploreView.swift; sourceTree = "<group>"; };
		E74333E42AD0328900CBE0DE /* CreateThreadView.swift */ = {isa = PBXFileReference; lastKnownFileType = sourcecode.swift; path = CreateThreadView.swift; sourceTree = "<group>"; };
		E74333E82AD032D900CBE0DE /* ActivityView.swift */ = {isa = PBXFileReference; lastKnownFileType = sourcecode.swift; path = ActivityView.swift; sourceTree = "<group>"; };
		E74333EC2AD032FA00CBE0DE /* ProfileView.swift */ = {isa = PBXFileReference; lastKnownFileType = sourcecode.swift; path = ProfileView.swift; sourceTree = "<group>"; };
		E74333F02AD0335B00CBE0DE /* FeedView.swift */ = {isa = PBXFileReference; lastKnownFileType = sourcecode.swift; path = FeedView.swift; sourceTree = "<group>"; };
		E7AA6D9A2ACE266D003D5A3B /* ThreadsClone.app */ = {isa = PBXFileReference; explicitFileType = wrapper.application; includeInIndex = 0; path = ThreadsClone.app; sourceTree = BUILT_PRODUCTS_DIR; };
		E7AA6D9D2ACE266D003D5A3B /* ThreadsCloneApp.swift */ = {isa = PBXFileReference; lastKnownFileType = sourcecode.swift; path = ThreadsCloneApp.swift; sourceTree = "<group>"; };
		E7AA6D9F2ACE266D003D5A3B /* ContentView.swift */ = {isa = PBXFileReference; lastKnownFileType = sourcecode.swift; path = ContentView.swift; sourceTree = "<group>"; };
		E7AA6DA12ACE266E003D5A3B /* Assets.xcassets */ = {isa = PBXFileReference; lastKnownFileType = folder.assetcatalog; path = Assets.xcassets; sourceTree = "<group>"; };
		E7AA6DA42ACE266E003D5A3B /* Preview Assets.xcassets */ = {isa = PBXFileReference; lastKnownFileType = folder.assetcatalog; path = "Preview Assets.xcassets"; sourceTree = "<group>"; };
		E7AA6DBB2ACE3B92003D5A3B /* ThreadsTextFieldModifier.swift */ = {isa = PBXFileReference; lastKnownFileType = sourcecode.swift; path = ThreadsTextFieldModifier.swift; sourceTree = "<group>"; };
		E7AC08952ACF89B30059174A /* ThreadsTabView.swift */ = {isa = PBXFileReference; lastKnownFileType = sourcecode.swift; path = ThreadsTabView.swift; sourceTree = "<group>"; };
/* End PBXFileReference section */

/* Begin PBXFrameworksBuildPhase section */
		E7AA6D972ACE266D003D5A3B /* Frameworks */ = {
			isa = PBXFrameworksBuildPhase;
			buildActionMask = 2147483647;
			files = (
			);
			runOnlyForDeploymentPostprocessing = 0;
		};
/* End PBXFrameworksBuildPhase section */

/* Begin PBXGroup section */
		E74333DC2AD031C600CBE0DE /* Feed */ = {
			isa = PBXGroup;
			children = (
				E74333EE2AD0334500CBE0DE /* View */,
			);
			path = Feed;
			sourceTree = "<group>";
		};
		E74333DD2AD031CA00CBE0DE /* Authenticartion */ = {
			isa = PBXGroup;
			children = (
			);
			path = Authenticartion;
			sourceTree = "<group>";
		};
		E74333DE2AD0320000CBE0DE /* Explore */ = {
			isa = PBXGroup;
			children = (
				E74333DF2AD0320800CBE0DE /* View */,
			);
			path = Explore;
			sourceTree = "<group>";
		};
		E74333DF2AD0320800CBE0DE /* View */ = {
			isa = PBXGroup;
			children = (
				E74333E02AD0321500CBE0DE /* ExploreView.swift */,
			);
			path = View;
			sourceTree = "<group>";
		};
		E74333E22AD0326600CBE0DE /* ThreadCreation */ = {
			isa = PBXGroup;
			children = (
				E74333E32AD0327F00CBE0DE /* View */,
			);
			path = ThreadCreation;
			sourceTree = "<group>";
		};
		E74333E32AD0327F00CBE0DE /* View */ = {
			isa = PBXGroup;
			children = (
				E74333E42AD0328900CBE0DE /* CreateThreadView.swift */,
			);
			path = View;
			sourceTree = "<group>";
		};
		E74333E62AD032CF00CBE0DE /* Activity */ = {
			isa = PBXGroup;
			children = (
				E74333E72AD032D300CBE0DE /* View */,
			);
			path = Activity;
			sourceTree = "<group>";
		};
		E74333E72AD032D300CBE0DE /* View */ = {
			isa = PBXGroup;
			children = (
				E74333E82AD032D900CBE0DE /* ActivityView.swift */,
			);
			path = View;
			sourceTree = "<group>";
		};
		E74333EA2AD032F200CBE0DE /* Profile */ = {
			isa = PBXGroup;
			children = (
				E74333EB2AD032F500CBE0DE /* View */,
			);
			path = Profile;
			sourceTree = "<group>";
		};
		E74333EB2AD032F500CBE0DE /* View */ = {
			isa = PBXGroup;
			children = (
				E74333EC2AD032FA00CBE0DE /* ProfileView.swift */,
			);
			path = View;
			sourceTree = "<group>";
		};
		E74333EE2AD0334500CBE0DE /* View */ = {
			isa = PBXGroup;
			children = (
				E74333F02AD0335B00CBE0DE /* FeedView.swift */,
			);
			path = View;
			sourceTree = "<group>";
		};
		E7AA6D912ACE266D003D5A3B = {
			isa = PBXGroup;
			children = (
				E7AA6D9C2ACE266D003D5A3B /* ThreadsClone */,
				E7AA6D9B2ACE266D003D5A3B /* Products */,
			);
			sourceTree = "<group>";
		};
		E7AA6D9B2ACE266D003D5A3B /* Products */ = {
			isa = PBXGroup;
			children = (
				E7AA6D9A2ACE266D003D5A3B /* ThreadsClone.app */,
			);
			name = Products;
			sourceTree = "<group>";
		};
		E7AA6D9C2ACE266D003D5A3B /* ThreadsClone */ = {
			isa = PBXGroup;
			children = (
				E7AA6DB12ACE26A2003D5A3B /* App */,
				E7AA6DB02ACE26A0003D5A3B /* Core */,
				E7AA6DAF2ACE269D003D5A3B /* Extensions */,
				E7AA6DAE2ACE2698003D5A3B /* Model */,
				E7AA6DAD2ACE2695003D5A3B /* Services */,
				E7AA6DAB2ACE268E003D5A3B /* Utils */,
				E7AA6DA12ACE266E003D5A3B /* Assets.xcassets */,
				E7AA6DA32ACE266E003D5A3B /* Preview Content */,
			);
			path = ThreadsClone;
			sourceTree = "<group>";
		};
		E7AA6DA32ACE266E003D5A3B /* Preview Content */ = {
			isa = PBXGroup;
			children = (
				E7AA6DA42ACE266E003D5A3B /* Preview Assets.xcassets */,
			);
			path = "Preview Content";
			sourceTree = "<group>";
		};
		E7AA6DAB2ACE268E003D5A3B /* Utils */ = {
			isa = PBXGroup;
			children = (
				E7AA6DBA2ACE3B74003D5A3B /* ViewModifiers */,
			);
			path = Utils;
			sourceTree = "<group>";
		};
		E7AA6DAD2ACE2695003D5A3B /* Services */ = {
			isa = PBXGroup;
			children = (
			);
			path = Services;
			sourceTree = "<group>";
		};
		E7AA6DAE2ACE2698003D5A3B /* Model */ = {
			isa = PBXGroup;
			children = (
			);
			path = Model;
			sourceTree = "<group>";
		};
		E7AA6DAF2ACE269D003D5A3B /* Extensions */ = {
			isa = PBXGroup;
			children = (
			);
			path = Extensions;
			sourceTree = "<group>";
		};
		E7AA6DB02ACE26A0003D5A3B /* Core */ = {
			isa = PBXGroup;
			children = (
				E74333E62AD032CF00CBE0DE /* Activity */,
				E74333DD2AD031CA00CBE0DE /* Authenticartion */,
				E74333DE2AD0320000CBE0DE /* Explore */,
				E74333DC2AD031C600CBE0DE /* Feed */,
				E74333EA2AD032F200CBE0DE /* Profile */,
				E7AA6DB32ACE2738003D5A3B /* Root */,
				E7AC08922ACF881E0059174A /* TabBar */,
				E74333E22AD0326600CBE0DE /* ThreadCreation */,
			);
			path = Core;
			sourceTree = "<group>";
		};
		E7AA6DB12ACE26A2003D5A3B /* App */ = {
			isa = PBXGroup;
			children = (
				E7AA6D9D2ACE266D003D5A3B /* ThreadsCloneApp.swift */,
			);
			path = App;
			sourceTree = "<group>";
		};
		E7AA6DB32ACE2738003D5A3B /* Root */ = {
			isa = PBXGroup;
			children = (
				E7AA6D9F2ACE266D003D5A3B /* ContentView.swift */,
			);
			path = Root;
			sourceTree = "<group>";
		};
		E7AA6DBA2ACE3B74003D5A3B /* ViewModifiers */ = {
			isa = PBXGroup;
			children = (
				E7AA6DBB2ACE3B92003D5A3B /* ThreadsTextFieldModifier.swift */,
			);
			path = ViewModifiers;
			sourceTree = "<group>";
		};
		E7AC08922ACF881E0059174A /* TabBar */ = {
			isa = PBXGroup;
			children = (
				E7AC08952ACF89B30059174A /* ThreadsTabView.swift */,
			);
			path = TabBar;
			sourceTree = "<group>";
		};
/* End PBXGroup section */

/* Begin PBXNativeTarget section */
		E7AA6D992ACE266D003D5A3B /* ThreadsClone */ = {
			isa = PBXNativeTarget;
			buildConfigurationList = E7AA6DA82ACE266E003D5A3B /* Build configuration list for PBXNativeTarget "ThreadsClone" */;
			buildPhases = (
				E7AA6D962ACE266D003D5A3B /* Sources */,
				E7AA6D972ACE266D003D5A3B /* Frameworks */,
				E7AA6D982ACE266D003D5A3B /* Resources */,
			);
			buildRules = (
			);
			dependencies = (
			);
			name = ThreadsClone;
			productName = ThreadsClone;
			productReference = E7AA6D9A2ACE266D003D5A3B /* ThreadsClone.app */;
			productType = "com.apple.product-type.application";
		};
/* End PBXNativeTarget section */

/* Begin PBXProject section */
		E7AA6D922ACE266D003D5A3B /* Project object */ = {
			isa = PBXProject;
			attributes = {
				BuildIndependentTargetsInParallel = 1;
				LastSwiftUpdateCheck = 1500;
				LastUpgradeCheck = 1500;
				TargetAttributes = {
					E7AA6D992ACE266D003D5A3B = {
						CreatedOnToolsVersion = 15.0;
					};
				};
			};
			buildConfigurationList = E7AA6D952ACE266D003D5A3B /* Build configuration list for PBXProject "ThreadsClone" */;
			compatibilityVersion = "Xcode 14.0";
			developmentRegion = en;
			hasScannedForEncodings = 0;
			knownRegions = (
				en,
				Base,
			);
			mainGroup = E7AA6D912ACE266D003D5A3B;
			productRefGroup = E7AA6D9B2ACE266D003D5A3B /* Products */;
			projectDirPath = "";
			projectRoot = "";
			targets = (
				E7AA6D992ACE266D003D5A3B /* ThreadsClone */,
			);
		};
/* End PBXProject section */

/* Begin PBXResourcesBuildPhase section */
		E7AA6D982ACE266D003D5A3B /* Resources */ = {
			isa = PBXResourcesBuildPhase;
			buildActionMask = 2147483647;
			files = (
				E7AA6DA52ACE266E003D5A3B /* Preview Assets.xcassets in Resources */,
				E7AA6DA22ACE266E003D5A3B /* Assets.xcassets in Resources */,
			);
			runOnlyForDeploymentPostprocessing = 0;
		};
/* End PBXResourcesBuildPhase section */

/* Begin PBXSourcesBuildPhase section */
		E7AA6D962ACE266D003D5A3B /* Sources */ = {
			isa = PBXSourcesBuildPhase;
			buildActionMask = 2147483647;
			files = (
				E74333ED2AD032FA00CBE0DE /* ProfileView.swift in Sources */,
				E74333F12AD0335B00CBE0DE /* FeedView.swift in Sources */,
				E74333E52AD0328900CBE0DE /* CreateThreadView.swift in Sources */,
				E7AA6DA02ACE266D003D5A3B /* ContentView.swift in Sources */,
				E7AC08962ACF89B30059174A /* ThreadsTabView.swift in Sources */,
				E7AA6DBC2ACE3B92003D5A3B /* ThreadsTextFieldModifier.swift in Sources */,
				E74333E92AD032DA00CBE0DE /* ActivityView.swift in Sources */,
				E7AA6D9E2ACE266D003D5A3B /* ThreadsCloneApp.swift in Sources */,
				E74333E12AD0321500CBE0DE /* ExploreView.swift in Sources */,
			);
			runOnlyForDeploymentPostprocessing = 0;
		};
/* End PBXSourcesBuildPhase section */

/* Begin XCBuildConfiguration section */
		E7AA6DA62ACE266E003D5A3B /* Debug */ = {
			isa = XCBuildConfiguration;
			buildSettings = {
				ALWAYS_SEARCH_USER_PATHS = NO;
				ASSETCATALOG_COMPILER_GENERATE_SWIFT_ASSET_SYMBOL_EXTENSIONS = YES;
				CLANG_ANALYZER_NONNULL = YES;
				CLANG_ANALYZER_NUMBER_OBJECT_CONVERSION = YES_AGGRESSIVE;
				CLANG_CXX_LANGUAGE_STANDARD = "gnu++20";
				CLANG_ENABLE_MODULES = YES;
				CLANG_ENABLE_OBJC_ARC = YES;
				CLANG_ENABLE_OBJC_WEAK = YES;
				CLANG_WARN_BLOCK_CAPTURE_AUTORELEASING = YES;
				CLANG_WARN_BOOL_CONVERSION = YES;
				CLANG_WARN_COMMA = YES;
				CLANG_WARN_CONSTANT_CONVERSION = YES;
				CLANG_WARN_DEPRECATED_OBJC_IMPLEMENTATIONS = YES;
				CLANG_WARN_DIRECT_OBJC_ISA_USAGE = YES_ERROR;
				CLANG_WARN_DOCUMENTATION_COMMENTS = YES;
				CLANG_WARN_EMPTY_BODY = YES;
				CLANG_WARN_ENUM_CONVERSION = YES;
				CLANG_WARN_INFINITE_RECURSION = YES;
				CLANG_WARN_INT_CONVERSION = YES;
				CLANG_WARN_NON_LITERAL_NULL_CONVERSION = YES;
				CLANG_WARN_OBJC_IMPLICIT_RETAIN_SELF = YES;
				CLANG_WARN_OBJC_LITERAL_CONVERSION = YES;
				CLANG_WARN_OBJC_ROOT_CLASS = YES_ERROR;
				CLANG_WARN_QUOTED_INCLUDE_IN_FRAMEWORK_HEADER = YES;
				CLANG_WARN_RANGE_LOOP_ANALYSIS = YES;
				CLANG_WARN_STRICT_PROTOTYPES = YES;
				CLANG_WARN_SUSPICIOUS_MOVE = YES;
				CLANG_WARN_UNGUARDED_AVAILABILITY = YES_AGGRESSIVE;
				CLANG_WARN_UNREACHABLE_CODE = YES;
				CLANG_WARN__DUPLICATE_METHOD_MATCH = YES;
				COPY_PHASE_STRIP = NO;
				DEBUG_INFORMATION_FORMAT = dwarf;
				ENABLE_STRICT_OBJC_MSGSEND = YES;
				ENABLE_TESTABILITY = YES;
				ENABLE_USER_SCRIPT_SANDBOXING = YES;
				GCC_C_LANGUAGE_STANDARD = gnu17;
				GCC_DYNAMIC_NO_PIC = NO;
				GCC_NO_COMMON_BLOCKS = YES;
				GCC_OPTIMIZATION_LEVEL = 0;
				GCC_PREPROCESSOR_DEFINITIONS = (
					"DEBUG=1",
					"$(inherited)",
				);
				GCC_WARN_64_TO_32_BIT_CONVERSION = YES;
				GCC_WARN_ABOUT_RETURN_TYPE = YES_ERROR;
				GCC_WARN_UNDECLARED_SELECTOR = YES;
				GCC_WARN_UNINITIALIZED_AUTOS = YES_AGGRESSIVE;
				GCC_WARN_UNUSED_FUNCTION = YES;
				GCC_WARN_UNUSED_VARIABLE = YES;
				IPHONEOS_DEPLOYMENT_TARGET = 17.0;
				LOCALIZATION_PREFERS_STRING_CATALOGS = YES;
				MTL_ENABLE_DEBUG_INFO = INCLUDE_SOURCE;
				MTL_FAST_MATH = YES;
				ONLY_ACTIVE_ARCH = YES;
				SDKROOT = iphoneos;
				SWIFT_ACTIVE_COMPILATION_CONDITIONS = "DEBUG $(inherited)";
				SWIFT_OPTIMIZATION_LEVEL = "-Onone";
			};
			name = Debug;
		};
		E7AA6DA72ACE266E003D5A3B /* Release */ = {
			isa = XCBuildConfiguration;
			buildSettings = {
				ALWAYS_SEARCH_USER_PATHS = NO;
				ASSETCATALOG_COMPILER_GENERATE_SWIFT_ASSET_SYMBOL_EXTENSIONS = YES;
				CLANG_ANALYZER_NONNULL = YES;
				CLANG_ANALYZER_NUMBER_OBJECT_CONVERSION = YES_AGGRESSIVE;
				CLANG_CXX_LANGUAGE_STANDARD = "gnu++20";
				CLANG_ENABLE_MODULES = YES;
				CLANG_ENABLE_OBJC_ARC = YES;
				CLANG_ENABLE_OBJC_WEAK = YES;
				CLANG_WARN_BLOCK_CAPTURE_AUTORELEASING = YES;
				CLANG_WARN_BOOL_CONVERSION = YES;
				CLANG_WARN_COMMA = YES;
				CLANG_WARN_CONSTANT_CONVERSION = YES;
				CLANG_WARN_DEPRECATED_OBJC_IMPLEMENTATIONS = YES;
				CLANG_WARN_DIRECT_OBJC_ISA_USAGE = YES_ERROR;
				CLANG_WARN_DOCUMENTATION_COMMENTS = YES;
				CLANG_WARN_EMPTY_BODY = YES;
				CLANG_WARN_ENUM_CONVERSION = YES;
				CLANG_WARN_INFINITE_RECURSION = YES;
				CLANG_WARN_INT_CONVERSION = YES;
				CLANG_WARN_NON_LITERAL_NULL_CONVERSION = YES;
				CLANG_WARN_OBJC_IMPLICIT_RETAIN_SELF = YES;
				CLANG_WARN_OBJC_LITERAL_CONVERSION = YES;
				CLANG_WARN_OBJC_ROOT_CLASS = YES_ERROR;
				CLANG_WARN_QUOTED_INCLUDE_IN_FRAMEWORK_HEADER = YES;
				CLANG_WARN_RANGE_LOOP_ANALYSIS = YES;
				CLANG_WARN_STRICT_PROTOTYPES = YES;
				CLANG_WARN_SUSPICIOUS_MOVE = YES;
				CLANG_WARN_UNGUARDED_AVAILABILITY = YES_AGGRESSIVE;
				CLANG_WARN_UNREACHABLE_CODE = YES;
				CLANG_WARN__DUPLICATE_METHOD_MATCH = YES;
				COPY_PHASE_STRIP = NO;
				DEBUG_INFORMATION_FORMAT = "dwarf-with-dsym";
				ENABLE_NS_ASSERTIONS = NO;
				ENABLE_STRICT_OBJC_MSGSEND = YES;
				ENABLE_USER_SCRIPT_SANDBOXING = YES;
				GCC_C_LANGUAGE_STANDARD = gnu17;
				GCC_NO_COMMON_BLOCKS = YES;
				GCC_WARN_64_TO_32_BIT_CONVERSION = YES;
				GCC_WARN_ABOUT_RETURN_TYPE = YES_ERROR;
				GCC_WARN_UNDECLARED_SELECTOR = YES;
				GCC_WARN_UNINITIALIZED_AUTOS = YES_AGGRESSIVE;
				GCC_WARN_UNUSED_FUNCTION = YES;
				GCC_WARN_UNUSED_VARIABLE = YES;
				IPHONEOS_DEPLOYMENT_TARGET = 17.0;
				LOCALIZATION_PREFERS_STRING_CATALOGS = YES;
				MTL_ENABLE_DEBUG_INFO = NO;
				MTL_FAST_MATH = YES;
				SDKROOT = iphoneos;
				SWIFT_COMPILATION_MODE = wholemodule;
				VALIDATE_PRODUCT = YES;
			};
			name = Release;
		};
		E7AA6DA92ACE266E003D5A3B /* Debug */ = {
			isa = XCBuildConfiguration;
			buildSettings = {
				ASSETCATALOG_COMPILER_APPICON_NAME = AppIcon;
				ASSETCATALOG_COMPILER_GLOBAL_ACCENT_COLOR_NAME = AccentColor;
				CODE_SIGN_STYLE = Automatic;
				CURRENT_PROJECT_VERSION = 1;
				DEVELOPMENT_ASSET_PATHS = "\"ThreadsClone/Preview Content\"";
				DEVELOPMENT_TEAM = 6SQT2L5PL4;
				ENABLE_PREVIEWS = YES;
				GENERATE_INFOPLIST_FILE = YES;
				INFOPLIST_KEY_UIApplicationSceneManifest_Generation = YES;
				INFOPLIST_KEY_UIApplicationSupportsIndirectInputEvents = YES;
				INFOPLIST_KEY_UILaunchScreen_Generation = YES;
				INFOPLIST_KEY_UISupportedInterfaceOrientations_iPad = "UIInterfaceOrientationPortrait UIInterfaceOrientationPortraitUpsideDown UIInterfaceOrientationLandscapeLeft UIInterfaceOrientationLandscapeRight";
				INFOPLIST_KEY_UISupportedInterfaceOrientations_iPhone = "UIInterfaceOrientationPortrait UIInterfaceOrientationLandscapeLeft UIInterfaceOrientationLandscapeRight";
				LD_RUNPATH_SEARCH_PATHS = (
					"$(inherited)",
					"@executable_path/Frameworks",
				);
				MARKETING_VERSION = 1.0;
				PRODUCT_BUNDLE_IDENTIFIER = com.antoniosvuono.ThreadsClone;
				PRODUCT_NAME = "$(TARGET_NAME)";
				SWIFT_EMIT_LOC_STRINGS = YES;
				SWIFT_VERSION = 5.0;
				TARGETED_DEVICE_FAMILY = "1,2";
			};
			name = Debug;
		};
		E7AA6DAA2ACE266E003D5A3B /* Release */ = {
			isa = XCBuildConfiguration;
			buildSettings = {
				ASSETCATALOG_COMPILER_APPICON_NAME = AppIcon;
				ASSETCATALOG_COMPILER_GLOBAL_ACCENT_COLOR_NAME = AccentColor;
				CODE_SIGN_STYLE = Automatic;
				CURRENT_PROJECT_VERSION = 1;
				DEVELOPMENT_ASSET_PATHS = "\"ThreadsClone/Preview Content\"";
				DEVELOPMENT_TEAM = 6SQT2L5PL4;
				ENABLE_PREVIEWS = YES;
				GENERATE_INFOPLIST_FILE = YES;
				INFOPLIST_KEY_UIApplicationSceneManifest_Generation = YES;
				INFOPLIST_KEY_UIApplicationSupportsIndirectInputEvents = YES;
				INFOPLIST_KEY_UILaunchScreen_Generation = YES;
				INFOPLIST_KEY_UISupportedInterfaceOrientations_iPad = "UIInterfaceOrientationPortrait UIInterfaceOrientationPortraitUpsideDown UIInterfaceOrientationLandscapeLeft UIInterfaceOrientationLandscapeRight";
				INFOPLIST_KEY_UISupportedInterfaceOrientations_iPhone = "UIInterfaceOrientationPortrait UIInterfaceOrientationLandscapeLeft UIInterfaceOrientationLandscapeRight";
				LD_RUNPATH_SEARCH_PATHS = (
					"$(inherited)",
					"@executable_path/Frameworks",
				);
				MARKETING_VERSION = 1.0;
				PRODUCT_BUNDLE_IDENTIFIER = com.antoniosvuono.ThreadsClone;
				PRODUCT_NAME = "$(TARGET_NAME)";
				SWIFT_EMIT_LOC_STRINGS = YES;
				SWIFT_VERSION = 5.0;
				TARGETED_DEVICE_FAMILY = "1,2";
			};
			name = Release;
		};
/* End XCBuildConfiguration section */

/* Begin XCConfigurationList section */
		E7AA6D952ACE266D003D5A3B /* Build configuration list for PBXProject "ThreadsClone" */ = {
			isa = XCConfigurationList;
			buildConfigurations = (
				E7AA6DA62ACE266E003D5A3B /* Debug */,
				E7AA6DA72ACE266E003D5A3B /* Release */,
			);
			defaultConfigurationIsVisible = 0;
			defaultConfigurationName = Release;
		};
		E7AA6DA82ACE266E003D5A3B /* Build configuration list for PBXNativeTarget "ThreadsClone" */ = {
			isa = XCConfigurationList;
			buildConfigurations = (
				E7AA6DA92ACE266E003D5A3B /* Debug */,
				E7AA6DAA2ACE266E003D5A3B /* Release */,
			);
			defaultConfigurationIsVisible = 0;
			defaultConfigurationName = Release;
		};
/* End XCConfigurationList section */
	};
	rootObject = E7AA6D922ACE266D003D5A3B /* Project object */;
}
